
Microsoft Visual Studio Solution File, Format Version 12.00
# Visual Studio Version 16
VisualStudioVersion = 16.0.31129.286
MinimumVisualStudioVersion = 10.0.40219.1
Project("{8BC9CEB8-8B4A-11D0-8D11-00A0C91BC942}") = "C_project_multi", "C_project_multi\C_project_multi.vcxproj", "{CA59AD65-056A-43E9-AE0C-B145A0C0A0D9}"
EndProject
Global
	GlobalSection(SolutionConfigurationPlatforms) = preSolution
		Debug|x64 = Debug|x64
		Debug|x86 = Debug|x86
		Release|x64 = Release|x64
		Release|x86 = Release|x86
	EndGlobalSection
	GlobalSection(ProjectConfigurationPlatforms) = postSolution
		{CA59AD65-056A-43E9-AE0C-B145A0C0A0D9}.Debug|x64.ActiveCfg = Debug|x64
		{CA59AD65-056A-43E9-AE0C-B145A0C0A0D9}.Debug|x64.Build.0 = Debug|x64
		{CA59AD65-056A-43E9-AE0C-B145A0C0A0D9}.Debug|x86.ActiveCfg = Debug|Win32
		{CA59AD65-056A-43E9-AE0C-B145A0C0A0D9}.Debug|x86.Build.0 = Debug|Win32
		{CA59AD65-056A-43E9-AE0C-B145A0C0A0D9}.Release|x64.ActiveCfg = Release|x64
		{CA59AD65-056A-43E9-AE0C-B145A0C0A0D9}.Release|x64.Build.0 = Release|x64
		{CA59AD65-056A-43E9-AE0C-B145A0C0A0D9}.Release|x86.ActiveCfg = Release|Win32
		{CA59AD65-056A-43E9-AE0C-B145A0C0A0D9}.Release|x86.Build.0 = Release|Win32
	EndGlobalSection
	GlobalSection(SolutionProperties) = preSolution
		HideSolutionNode = FALSE
	EndGlobalSection
	GlobalSection(ExtensibilityGlobals) = postSolution
		SolutionGuid = {A8D4C490-73C4-4DA9-846A-5518809E14C3}
	EndGlobalSection
EndGlobal
